{
  "version": 4,
  "terraform_version": "1.9.8",
  "serial": 22,
  "lineage": "eeaa241f-b08d-8cf4-2399-cdf829835da5",
  "outputs": {
    "myca": {
      "value": "-----BEGIN CERTIFICATE-----\nMIIBbjCCAROgAwIBAgIRAOtSKcLCCOr6OgFShxbjMdgwCgYIKoZIzj0EAwIwFjEU\nMBIGA1UEAxMLbG9jYWxzdmMtY2EwHhcNMjUwMTEyMTgyODE4WhcNMjUwNDEyMTgy\nODE4WjAWMRQwEgYDVQQDEwtsb2NhbHN2Yy1jYTBZMBMGByqGSM49AgEGCCqGSM49\nAwEHA0IABC77GwFk0QkIsgNLc6miVjjgC3AotYWLWTfPjcbhizBX/ynLJ7Oe4R9E\nFXut0n1/oyGopQjAXS2VQHBxfX5xErWjQjBAMA4GA1UdDwEB/wQEAwICpDAPBgNV\nHRMBAf8EBTADAQH/MB0GA1UdDgQWBBSaoBBIMeNBriGPI/S2Do9Z/inTRzAKBggq\nhkjOPQQDAgNJADBGAiEA68l5w+SHSjL7W02sC/pgQ59jQqxt0JHFuAhhLDjzn8YC\nIQDQhPgTMnBciGeOBGynd919bXLTIwXMSBETnXZFqv3/fg==\n-----END CERTIFICATE-----\n",
      "type": "string"
    },
    "namespace": {
      "value": "cert-manager",
      "type": "string"
    }
  },
  "resources": [
    {
      "module": "module.certmgr",
      "mode": "data",
      "type": "kubernetes_secret",
      "name": "myca",
      "provider": "provider[\"registry.terraform.io/hashicorp/kubernetes\"]",
      "instances": [
        {
          "schema_version": 0,
          "attributes": {
            "binary_data": null,
            "data": {
              "ca.crt": "-----BEGIN CERTIFICATE-----\nMIIBbjCCAROgAwIBAgIRAOtSKcLCCOr6OgFShxbjMdgwCgYIKoZIzj0EAwIwFjEU\nMBIGA1UEAxMLbG9jYWxzdmMtY2EwHhcNMjUwMTEyMTgyODE4WhcNMjUwNDEyMTgy\nODE4WjAWMRQwEgYDVQQDEwtsb2NhbHN2Yy1jYTBZMBMGByqGSM49AgEGCCqGSM49\nAwEHA0IABC77GwFk0QkIsgNLc6miVjjgC3AotYWLWTfPjcbhizBX/ynLJ7Oe4R9E\nFXut0n1/oyGopQjAXS2VQHBxfX5xErWjQjBAMA4GA1UdDwEB/wQEAwICpDAPBgNV\nHRMBAf8EBTADAQH/MB0GA1UdDgQWBBSaoBBIMeNBriGPI/S2Do9Z/inTRzAKBggq\nhkjOPQQDAgNJADBGAiEA68l5w+SHSjL7W02sC/pgQ59jQqxt0JHFuAhhLDjzn8YC\nIQDQhPgTMnBciGeOBGynd919bXLTIwXMSBETnXZFqv3/fg==\n-----END CERTIFICATE-----\n",
              "keystore.jks": "\ufffd\ufffd\ufffd\ufffd\u0000\u0000\u0000\u0002\u0000\u0000\u0000\u0002\u0000\u0000\u0000\u0002\u0000\u0002ca\u0000\u0000\u0001\ufffd[\ufffd\"4\u0000\u0004X509\u0000\u0000\u0001r0\ufffd\u0001n0\ufffd\u0001\u0013\ufffd\u0003\u0002\u0001\u0002\u0002\u0011\u0000\ufffdR)\ufffd\ufffd\b\ufffd\ufffd:\u0001R\ufffd\u0016\ufffd1\ufffd0\n\u0006\b*\ufffdH\ufffd=\u0004\u0003\u00020\u00161\u00140\u0012\u0006\u0003U\u0004\u0003\u0013\u000blocalsvc-ca0\u001e\u0017\r250112182818Z\u0017\r250412182818Z0\u00161\u00140\u0012\u0006\u0003U\u0004\u0003\u0013\u000blocalsvc-ca0Y0\u0013\u0006\u0007*\ufffdH\ufffd=\u0002\u0001\u0006\b*\ufffdH\ufffd=\u0003\u0001\u0007\u0003B\u0000\u0004.\ufffd\u001b\u0001d\ufffd\t\b\ufffd\u0003Ks\ufffd\ufffdV8\ufffd\u000bp(\ufffd\ufffd\ufffdY7ύ\ufffd\ufffd\ufffd0W\ufffd)\ufffd'\ufffd\ufffd\ufffd\u001fD\u0015{\ufffd\ufffd}\ufffd!\ufffd\ufffd\b\ufffd]-\ufffd@pq}~q\u0012\ufffd\ufffdB0@0\u000e\u0006\u0003U\u001d\u000f\u0001\u0001\ufffd\u0004\u0004\u0003\u0002\u0002\ufffd0\u000f\u0006\u0003U\u001d\u0013\u0001\u0001\ufffd\u0004\u00050\u0003\u0001\u0001\ufffd0\u001d\u0006\u0003U\u001d\u000e\u0004\u0016\u0004\u0014\ufffd\ufffd\u0010H1\ufffdA\ufffd!\ufffd#\ufffd\ufffd\u000e\ufffdY\ufffd)\ufffdG0\n\u0006\b*\ufffdH\ufffd=\u0004\u0003\u0002\u0003I\u00000F\u0002!\u0000\ufffd\ufffdy\ufffd\ufffd\ufffdJ2\ufffd[M\ufffd\u000b\ufffd`C\ufffdcB\ufffdmБŸ\ba,8\ufffd\ufffd\ufffd\u0002!\u0000Є\ufffd\u00132p\\\ufffdg\ufffd\u0004l\ufffdw\ufffd}mr\ufffd#\u0005\ufffdH\u0011\u0013\ufffdvE\ufffd\ufffd\ufffd~\u0000\u0000\u0000\u0001\u0000\u000bcertificate\u0000\u0000\u0001\ufffd[\ufffd\"4\u0000\u0000\u0000\ufffd0\ufffd\ufffd0\u000e\u0006\n+\u0006\u0001\u0004\u0001*\u0002\u0011\u0001\u0001\u0005\u0000\u0004\ufffd\ufffd,\ufffd\ufffdf\u000bthpB\ufffd\u001f\ufffd\ufffd\ufffd\ufffdn\ufffd(\ufffd\u0002\ufffda\ufffd\ufffd*\ufffd\u0003\ufffd\ufffdE\ufffdr2\ufffd;ɏ-s\u001df8Z\ufffdn\ufffd\u0006\ufffdT3\ufffd\ufffd3\u0011\ufffdQ\\\ufffd%\ufffd$\ufffdGqU\ufffdW\ufffd\ufffd\ufffd\ufffdW[;\ufffd\ufffdb.\ufffdE\u0003a\u001dMF\ufffd@\ufffd\" \u000b\u001c\u000b\ufffdی\ufffd\ufffdD\ufffdJ\ufffd\ufffd\u001cc\ufffd\ufffd\ufffd/\ufffd\ufffdKs\ufffdjyܰ\ufffd\ufffd\u000f\ufffd\ufffdŽy.\ufffdI\ufffd\ufffdS\ufffd\u001bg:\ufffd:N\ufffd\ufffdG\ufffdp\ufffdW\ufffd\u0016[(\ufffd\ufffd}I(\ufffd\ufffd_6\ufffd\ufffdw\ufffd\ufffd\u000b\ufffd+~\ufffdI\ufffd\ufffdo\ufffdH\u000f\ufffd\ufffd\u0000\u0000\u0000\u0001\u0000\u0004X509\u0000\u0000\u0001r0\ufffd\u0001n0\ufffd\u0001\u0013\ufffd\u0003\u0002\u0001\u0002\u0002\u0011\u0000\ufffdR)\ufffd\ufffd\b\ufffd\ufffd:\u0001R\ufffd\u0016\ufffd1\ufffd0\n\u0006\b*\ufffdH\ufffd=\u0004\u0003\u00020\u00161\u00140\u0012\u0006\u0003U\u0004\u0003\u0013\u000blocalsvc-ca0\u001e\u0017\r250112182818Z\u0017\r250412182818Z0\u00161\u00140\u0012\u0006\u0003U\u0004\u0003\u0013\u000blocalsvc-ca0Y0\u0013\u0006\u0007*\ufffdH\ufffd=\u0002\u0001\u0006\b*\ufffdH\ufffd=\u0003\u0001\u0007\u0003B\u0000\u0004.\ufffd\u001b\u0001d\ufffd\t\b\ufffd\u0003Ks\ufffd\ufffdV8\ufffd\u000bp(\ufffd\ufffd\ufffdY7ύ\ufffd\ufffd\ufffd0W\ufffd)\ufffd'\ufffd\ufffd\ufffd\u001fD\u0015{\ufffd\ufffd}\ufffd!\ufffd\ufffd\b\ufffd]-\ufffd@pq}~q\u0012\ufffd\ufffdB0@0\u000e\u0006\u0003U\u001d\u000f\u0001\u0001\ufffd\u0004\u0004\u0003\u0002\u0002\ufffd0\u000f\u0006\u0003U\u001d\u0013\u0001\u0001\ufffd\u0004\u00050\u0003\u0001\u0001\ufffd0\u001d\u0006\u0003U\u001d\u000e\u0004\u0016\u0004\u0014\ufffd\ufffd\u0010H1\ufffdA\ufffd!\ufffd#\ufffd\ufffd\u000e\ufffdY\ufffd)\ufffdG0\n\u0006\b*\ufffdH\ufffd=\u0004\u0003\u0002\u0003I\u00000F\u0002!\u0000\ufffd\ufffdy\ufffd\ufffd\ufffdJ2\ufffd[M\ufffd\u000b\ufffd`C\ufffdcB\ufffdmБŸ\ba,8\ufffd\ufffd\ufffd\u0002!\u0000Є\ufffd\u00132p\\\ufffdg\ufffd\u0004l\ufffdw\ufffd}mr\ufffd#\u0005\ufffdH\u0011\u0013\ufffdvE\ufffd\ufffd\ufffd~\ufffd\ufffdl@\ufffde\ufffd\ufffd\u001a\ufffdTc\u003c\ufffd}\ufffd\u001d\ufffdl\ufffd",
              "tls.crt": "-----BEGIN CERTIFICATE-----\nMIIBbjCCAROgAwIBAgIRAOtSKcLCCOr6OgFShxbjMdgwCgYIKoZIzj0EAwIwFjEU\nMBIGA1UEAxMLbG9jYWxzdmMtY2EwHhcNMjUwMTEyMTgyODE4WhcNMjUwNDEyMTgy\nODE4WjAWMRQwEgYDVQQDEwtsb2NhbHN2Yy1jYTBZMBMGByqGSM49AgEGCCqGSM49\nAwEHA0IABC77GwFk0QkIsgNLc6miVjjgC3AotYWLWTfPjcbhizBX/ynLJ7Oe4R9E\nFXut0n1/oyGopQjAXS2VQHBxfX5xErWjQjBAMA4GA1UdDwEB/wQEAwICpDAPBgNV\nHRMBAf8EBTADAQH/MB0GA1UdDgQWBBSaoBBIMeNBriGPI/S2Do9Z/inTRzAKBggq\nhkjOPQQDAgNJADBGAiEA68l5w+SHSjL7W02sC/pgQ59jQqxt0JHFuAhhLDjzn8YC\nIQDQhPgTMnBciGeOBGynd919bXLTIwXMSBETnXZFqv3/fg==\n-----END CERTIFICATE-----\n",
              "tls.key": "-----BEGIN EC PRIVATE KEY-----\nMHcCAQEEIB6k20xVRLt2AE8jXh7mgagXGwlFR3/NWVVuymVbDvEloAoGCCqGSM49\nAwEHoUQDQgAELvsbAWTRCQiyA0tzqaJWOOALcCi1hYtZN8+NxuGLMFf/Kcsns57h\nH0QVe63SfX+jIailCMBdLZVAcHF9fnEStQ==\n-----END EC PRIVATE KEY-----\n",
              "truststore.jks": "\ufffd\ufffd\ufffd\ufffd\u0000\u0000\u0000\u0002\u0000\u0000\u0000\u0001\u0000\u0000\u0000\u0002\u0000\u0002ca\u0000\u0000\u0001\ufffd[\ufffd\"4\u0000\u0004X509\u0000\u0000\u0001r0\ufffd\u0001n0\ufffd\u0001\u0013\ufffd\u0003\u0002\u0001\u0002\u0002\u0011\u0000\ufffdR)\ufffd\ufffd\b\ufffd\ufffd:\u0001R\ufffd\u0016\ufffd1\ufffd0\n\u0006\b*\ufffdH\ufffd=\u0004\u0003\u00020\u00161\u00140\u0012\u0006\u0003U\u0004\u0003\u0013\u000blocalsvc-ca0\u001e\u0017\r250112182818Z\u0017\r250412182818Z0\u00161\u00140\u0012\u0006\u0003U\u0004\u0003\u0013\u000blocalsvc-ca0Y0\u0013\u0006\u0007*\ufffdH\ufffd=\u0002\u0001\u0006\b*\ufffdH\ufffd=\u0003\u0001\u0007\u0003B\u0000\u0004.\ufffd\u001b\u0001d\ufffd\t\b\ufffd\u0003Ks\ufffd\ufffdV8\ufffd\u000bp(\ufffd\ufffd\ufffdY7ύ\ufffd\ufffd\ufffd0W\ufffd)\ufffd'\ufffd\ufffd\ufffd\u001fD\u0015{\ufffd\ufffd}\ufffd!\ufffd\ufffd\b\ufffd]-\ufffd@pq}~q\u0012\ufffd\ufffdB0@0\u000e\u0006\u0003U\u001d\u000f\u0001\u0001\ufffd\u0004\u0004\u0003\u0002\u0002\ufffd0\u000f\u0006\u0003U\u001d\u0013\u0001\u0001\ufffd\u0004\u00050\u0003\u0001\u0001\ufffd0\u001d\u0006\u0003U\u001d\u000e\u0004\u0016\u0004\u0014\ufffd\ufffd\u0010H1\ufffdA\ufffd!\ufffd#\ufffd\ufffd\u000e\ufffdY\ufffd)\ufffdG0\n\u0006\b*\ufffdH\ufffd=\u0004\u0003\u0002\u0003I\u00000F\u0002!\u0000\ufffd\ufffdy\ufffd\ufffd\ufffdJ2\ufffd[M\ufffd\u000b\ufffd`C\ufffdcB\ufffdmБŸ\ba,8\ufffd\ufffd\ufffd\u0002!\u0000Є\ufffd\u00132p\\\ufffdg\ufffd\u0004l\ufffdw\ufffd}mr\ufffd#\u0005\ufffdH\u0011\u0013\ufffdvE\ufffd\ufffd\ufffd~d\ufffdU\ufffdd$Ǭ\ufffd\ufffd\ufffd\ufffd\ufffd\u0007\ufffdi\ufffd4L\u0007"
            },
            "id": "cert-manager/root-ca-svc-secret",
            "immutable": false,
            "metadata": [
              {
                "annotations": {
                  "cert-manager.io/alt-names": "",
                  "cert-manager.io/certificate-name": "localsvc-ca",
                  "cert-manager.io/common-name": "localsvc-ca",
                  "cert-manager.io/ip-sans": "",
                  "cert-manager.io/issuer-group": "",
                  "cert-manager.io/issuer-kind": "ClusterIssuer",
                  "cert-manager.io/issuer-name": "localsvc-issuer",
                  "cert-manager.io/uri-sans": ""
                },
                "generate_name": "",
                "generation": 0,
                "labels": {
                  "controller.cert-manager.io/fao": "true"
                },
                "name": "root-ca-svc-secret",
                "namespace": "cert-manager",
                "resource_version": "18559",
                "uid": "c06e84d2-87bb-44e0-b033-3d5096f24456"
              }
            ],
            "type": "kubernetes.io/tls"
          },
          "sensitive_attributes": [
            [
              {
                "type": "get_attr",
                "value": "binary_data"
              }
            ],
            [
              {
                "type": "get_attr",
                "value": "data"
              }
            ]
          ]
        }
      ]
    },
    {
      "module": "module.certmgr",
      "mode": "managed",
      "type": "kubernetes_manifest",
      "name": "certificate_ca",
      "provider": "provider[\"registry.terraform.io/hashicorp/kubernetes\"]",
      "instances": [
        {
          "schema_version": 1,
          "attributes": {
            "computed_fields": null,
            "field_manager": [],
            "manifest": {
              "value": {
                "apiVersion": "cert-manager.io/v1",
                "kind": "Certificate",
                "metadata": {
                  "name": "localsvc-ca",
                  "namespace": "cert-manager"
                },
                "spec": {
                  "commonName": "localsvc-ca",
                  "isCA": true,
                  "issuerRef": {
                    "kind": "ClusterIssuer",
                    "name": "localsvc-issuer"
                  },
                  "keystores": {
                    "jks": {
                      "create": true,
                      "passwordSecretRef": {
                        "key": "password-key",
                        "name": "jks-password-secret"
                      }
                    }
                  },
                  "privateKey": {
                    "algorithm": "ECDSA",
                    "size": 256
                  },
                  "secretName": "root-ca-svc-secret"
                }
              },
              "type": [
                "object",
                {
                  "apiVersion": "string",
                  "kind": "string",
                  "metadata": [
                    "object",
                    {
                      "name": "string",
                      "namespace": "string"
                    }
                  ],
                  "spec": [
                    "object",
                    {
                      "commonName": "string",
                      "isCA": "bool",
                      "issuerRef": [
                        "object",
                        {
                          "kind": "string",
                          "name": "string"
                        }
                      ],
                      "keystores": [
                        "object",
                        {
                          "jks": [
                            "object",
                            {
                              "create": "bool",
                              "passwordSecretRef": [
                                "object",
                                {
                                  "key": "string",
                                  "name": "string"
                                }
                              ]
                            }
                          ]
                        }
                      ],
                      "privateKey": [
                        "object",
                        {
                          "algorithm": "string",
                          "size": "number"
                        }
                      ],
                      "secretName": "string"
                    }
                  ]
                }
              ]
            },
            "object": {
              "value": {
                "apiVersion": "cert-manager.io/v1",
                "kind": "Certificate",
                "metadata": {
                  "annotations": null,
                  "creationTimestamp": null,
                  "deletionGracePeriodSeconds": null,
                  "deletionTimestamp": null,
                  "finalizers": null,
                  "generateName": null,
                  "generation": null,
                  "labels": null,
                  "managedFields": null,
                  "name": "localsvc-ca",
                  "namespace": "cert-manager",
                  "ownerReferences": null,
                  "resourceVersion": null,
                  "selfLink": null,
                  "uid": null
                },
                "spec": {
                  "additionalOutputFormats": null,
                  "commonName": "localsvc-ca",
                  "dnsNames": null,
                  "duration": null,
                  "emailAddresses": null,
                  "encodeUsagesInRequest": null,
                  "ipAddresses": null,
                  "isCA": true,
                  "issuerRef": {
                    "group": null,
                    "kind": "ClusterIssuer",
                    "name": "localsvc-issuer"
                  },
                  "keystores": {
                    "jks": {
                      "alias": null,
                      "create": true,
                      "passwordSecretRef": {
                        "key": "password-key",
                        "name": "jks-password-secret"
                      }
                    },
                    "pkcs12": {
                      "create": null,
                      "passwordSecretRef": {
                        "key": null,
                        "name": null
                      },
                      "profile": null
                    }
                  },
                  "literalSubject": null,
                  "nameConstraints": {
                    "critical": null,
                    "excluded": {
                      "dnsDomains": null,
                      "emailAddresses": null,
                      "ipRanges": null,
                      "uriDomains": null
                    },
                    "permitted": {
                      "dnsDomains": null,
                      "emailAddresses": null,
                      "ipRanges": null,
                      "uriDomains": null
                    }
                  },
                  "otherNames": null,
                  "privateKey": {
                    "algorithm": "ECDSA",
                    "encoding": null,
                    "rotationPolicy": null,
                    "size": 256
                  },
                  "renewBefore": null,
                  "revisionHistoryLimit": null,
                  "secretName": "root-ca-svc-secret",
                  "secretTemplate": {
                    "annotations": null,
                    "labels": null
                  },
                  "subject": {
                    "countries": null,
                    "localities": null,
                    "organizationalUnits": null,
                    "organizations": null,
                    "postalCodes": null,
                    "provinces": null,
                    "serialNumber": null,
                    "streetAddresses": null
                  },
                  "uris": null,
                  "usages": null
                }
              },
              "type": [
                "object",
                {
                  "apiVersion": "string",
                  "kind": "string",
                  "metadata": [
                    "object",
                    {
                      "annotations": [
                        "map",
                        "string"
                      ],
                      "creationTimestamp": "string",
                      "deletionGracePeriodSeconds": "number",
                      "deletionTimestamp": "string",
                      "finalizers": [
                        "list",
                        "string"
                      ],
                      "generateName": "string",
                      "generation": "number",
                      "labels": [
                        "map",
                        "string"
                      ],
                      "managedFields": [
                        "tuple",
                        [
                          [
                            "object",
                            {
                              "apiVersion": "string",
                              "fieldsType": "string",
                              "fieldsV1": "dynamic",
                              "manager": "string",
                              "operation": "string",
                              "subresource": "string",
                              "time": "string"
                            }
                          ]
                        ]
                      ],
                      "name": "string",
                      "namespace": "string",
                      "ownerReferences": [
                        "list",
                        [
                          "object",
                          {
                            "apiVersion": "string",
                            "blockOwnerDeletion": "bool",
                            "controller": "bool",
                            "kind": "string",
                            "name": "string",
                            "uid": "string"
                          }
                        ]
                      ],
                      "resourceVersion": "string",
                      "selfLink": "string",
                      "uid": "string"
                    }
                  ],
                  "spec": [
                    "object",
                    {
                      "additionalOutputFormats": [
                        "list",
                        [
                          "object",
                          {
                            "type": "string"
                          }
                        ]
                      ],
                      "commonName": "string",
                      "dnsNames": [
                        "list",
                        "string"
                      ],
                      "duration": "string",
                      "emailAddresses": [
                        "list",
                        "string"
                      ],
                      "encodeUsagesInRequest": "bool",
                      "ipAddresses": [
                        "list",
                        "string"
                      ],
                      "isCA": "bool",
                      "issuerRef": [
                        "object",
                        {
                          "group": "string",
                          "kind": "string",
                          "name": "string"
                        }
                      ],
                      "keystores": [
                        "object",
                        {
                          "jks": [
                            "object",
                            {
                              "alias": "string",
                              "create": "bool",
                              "passwordSecretRef": [
                                "object",
                                {
                                  "key": "string",
                                  "name": "string"
                                }
                              ]
                            }
                          ],
                          "pkcs12": [
                            "object",
                            {
                              "create": "bool",
                              "passwordSecretRef": [
                                "object",
                                {
                                  "key": "string",
                                  "name": "string"
                                }
                              ],
                              "profile": "string"
                            }
                          ]
                        }
                      ],
                      "literalSubject": "string",
                      "nameConstraints": [
                        "object",
                        {
                          "critical": "bool",
                          "excluded": [
                            "object",
                            {
                              "dnsDomains": [
                                "list",
                                "string"
                              ],
                              "emailAddresses": [
                                "list",
                                "string"
                              ],
                              "ipRanges": [
                                "list",
                                "string"
                              ],
                              "uriDomains": [
                                "list",
                                "string"
                              ]
                            }
                          ],
                          "permitted": [
                            "object",
                            {
                              "dnsDomains": [
                                "list",
                                "string"
                              ],
                              "emailAddresses": [
                                "list",
                                "string"
                              ],
                              "ipRanges": [
                                "list",
                                "string"
                              ],
                              "uriDomains": [
                                "list",
                                "string"
                              ]
                            }
                          ]
                        }
                      ],
                      "otherNames": [
                        "list",
                        [
                          "object",
                          {
                            "oid": "string",
                            "utf8Value": "string"
                          }
                        ]
                      ],
                      "privateKey": [
                        "object",
                        {
                          "algorithm": "string",
                          "encoding": "string",
                          "rotationPolicy": "string",
                          "size": "number"
                        }
                      ],
                      "renewBefore": "string",
                      "revisionHistoryLimit": "number",
                      "secretName": "string",
                      "secretTemplate": [
                        "object",
                        {
                          "annotations": [
                            "map",
                            "string"
                          ],
                          "labels": [
                            "map",
                            "string"
                          ]
                        }
                      ],
                      "subject": [
                        "object",
                        {
                          "countries": [
                            "list",
                            "string"
                          ],
                          "localities": [
                            "list",
                            "string"
                          ],
                          "organizationalUnits": [
                            "list",
                            "string"
                          ],
                          "organizations": [
                            "list",
                            "string"
                          ],
                          "postalCodes": [
                            "list",
                            "string"
                          ],
                          "provinces": [
                            "list",
                            "string"
                          ],
                          "serialNumber": "string",
                          "streetAddresses": [
                            "list",
                            "string"
                          ]
                        }
                      ],
                      "uris": [
                        "list",
                        "string"
                      ],
                      "usages": [
                        "list",
                        "string"
                      ]
                    }
                  ]
                }
              ]
            },
            "timeouts": [],
            "wait": [],
            "wait_for": null
          },
          "sensitive_attributes": [],
          "dependencies": [
            "module.certmgr.kubernetes_manifest.cluster_self_issuer",
            "module.certmgr.kubernetes_secret.jks",
            "module.k8s_cluster.helm_release.certmgr",
            "module.k8s_cluster.kubernetes_namespace_v1.example"
          ]
        }
      ]
    },
    {
      "module": "module.certmgr",
      "mode": "managed",
      "type": "kubernetes_manifest",
      "name": "certificate_wildcard",
      "provider": "provider[\"registry.terraform.io/hashicorp/kubernetes\"]",
      "instances": [
        {
          "schema_version": 1,
          "attributes": {
            "computed_fields": null,
            "field_manager": [],
            "manifest": {
              "value": {
                "apiVersion": "cert-manager.io/v1",
                "kind": "Certificate",
                "metadata": {
                  "name": "wildcard",
                  "namespace": "cert-manager"
                },
                "spec": {
                  "dnsNames": [
                    "*.cert-manager.svc.cluster.local",
                    "*.localhost"
                  ],
                  "isCA": false,
                  "issuerRef": {
                    "kind": "Issuer",
                    "name": "test-issuer"
                  },
                  "keystores": {
                    "jks": {
                      "create": true,
                      "passwordSecretRef": {
                        "key": "password-key",
                        "name": "jks-password-secret"
                      }
                    }
                  },
                  "privateKey": {
                    "algorithm": "RSA",
                    "encoding": "PKCS1",
                    "size": 2048
                  },
                  "secretName": "wildcard-cert",
                  "subject": {
                    "organizations": [
                      "quickstart"
                    ]
                  }
                }
              },
              "type": [
                "object",
                {
                  "apiVersion": "string",
                  "kind": "string",
                  "metadata": [
                    "object",
                    {
                      "name": "string",
                      "namespace": "string"
                    }
                  ],
                  "spec": [
                    "object",
                    {
                      "dnsNames": [
                        "tuple",
                        [
                          "string",
                          "string"
                        ]
                      ],
                      "isCA": "bool",
                      "issuerRef": [
                        "object",
                        {
                          "kind": "string",
                          "name": "string"
                        }
                      ],
                      "keystores": [
                        "object",
                        {
                          "jks": [
                            "object",
                            {
                              "create": "bool",
                              "passwordSecretRef": [
                                "object",
                                {
                                  "key": "string",
                                  "name": "string"
                                }
                              ]
                            }
                          ]
                        }
                      ],
                      "privateKey": [
                        "object",
                        {
                          "algorithm": "string",
                          "encoding": "string",
                          "size": "number"
                        }
                      ],
                      "secretName": "string",
                      "subject": [
                        "object",
                        {
                          "organizations": [
                            "tuple",
                            [
                              "string"
                            ]
                          ]
                        }
                      ]
                    }
                  ]
                }
              ]
            },
            "object": {
              "value": {
                "apiVersion": "cert-manager.io/v1",
                "kind": "Certificate",
                "metadata": {
                  "annotations": null,
                  "creationTimestamp": null,
                  "deletionGracePeriodSeconds": null,
                  "deletionTimestamp": null,
                  "finalizers": null,
                  "generateName": null,
                  "generation": null,
                  "labels": null,
                  "managedFields": null,
                  "name": "wildcard",
                  "namespace": "cert-manager",
                  "ownerReferences": null,
                  "resourceVersion": null,
                  "selfLink": null,
                  "uid": null
                },
                "spec": {
                  "additionalOutputFormats": null,
                  "commonName": null,
                  "dnsNames": [
                    "*.cert-manager.svc.cluster.local",
                    "*.localhost"
                  ],
                  "duration": null,
                  "emailAddresses": null,
                  "encodeUsagesInRequest": null,
                  "ipAddresses": null,
                  "isCA": false,
                  "issuerRef": {
                    "group": null,
                    "kind": "Issuer",
                    "name": "test-issuer"
                  },
                  "keystores": {
                    "jks": {
                      "alias": null,
                      "create": true,
                      "passwordSecretRef": {
                        "key": "password-key",
                        "name": "jks-password-secret"
                      }
                    },
                    "pkcs12": {
                      "create": null,
                      "passwordSecretRef": {
                        "key": null,
                        "name": null
                      },
                      "profile": null
                    }
                  },
                  "literalSubject": null,
                  "nameConstraints": {
                    "critical": null,
                    "excluded": {
                      "dnsDomains": null,
                      "emailAddresses": null,
                      "ipRanges": null,
                      "uriDomains": null
                    },
                    "permitted": {
                      "dnsDomains": null,
                      "emailAddresses": null,
                      "ipRanges": null,
                      "uriDomains": null
                    }
                  },
                  "otherNames": null,
                  "privateKey": {
                    "algorithm": "RSA",
                    "encoding": "PKCS1",
                    "rotationPolicy": null,
                    "size": 2048
                  },
                  "renewBefore": null,
                  "revisionHistoryLimit": null,
                  "secretName": "wildcard-cert",
                  "secretTemplate": {
                    "annotations": null,
                    "labels": null
                  },
                  "subject": {
                    "countries": null,
                    "localities": null,
                    "organizationalUnits": null,
                    "organizations": [
                      "quickstart"
                    ],
                    "postalCodes": null,
                    "provinces": null,
                    "serialNumber": null,
                    "streetAddresses": null
                  },
                  "uris": null,
                  "usages": null
                }
              },
              "type": [
                "object",
                {
                  "apiVersion": "string",
                  "kind": "string",
                  "metadata": [
                    "object",
                    {
                      "annotations": [
                        "map",
                        "string"
                      ],
                      "creationTimestamp": "string",
                      "deletionGracePeriodSeconds": "number",
                      "deletionTimestamp": "string",
                      "finalizers": [
                        "list",
                        "string"
                      ],
                      "generateName": "string",
                      "generation": "number",
                      "labels": [
                        "map",
                        "string"
                      ],
                      "managedFields": [
                        "tuple",
                        [
                          [
                            "object",
                            {
                              "apiVersion": "string",
                              "fieldsType": "string",
                              "fieldsV1": "dynamic",
                              "manager": "string",
                              "operation": "string",
                              "subresource": "string",
                              "time": "string"
                            }
                          ]
                        ]
                      ],
                      "name": "string",
                      "namespace": "string",
                      "ownerReferences": [
                        "list",
                        [
                          "object",
                          {
                            "apiVersion": "string",
                            "blockOwnerDeletion": "bool",
                            "controller": "bool",
                            "kind": "string",
                            "name": "string",
                            "uid": "string"
                          }
                        ]
                      ],
                      "resourceVersion": "string",
                      "selfLink": "string",
                      "uid": "string"
                    }
                  ],
                  "spec": [
                    "object",
                    {
                      "additionalOutputFormats": [
                        "list",
                        [
                          "object",
                          {
                            "type": "string"
                          }
                        ]
                      ],
                      "commonName": "string",
                      "dnsNames": [
                        "list",
                        "string"
                      ],
                      "duration": "string",
                      "emailAddresses": [
                        "list",
                        "string"
                      ],
                      "encodeUsagesInRequest": "bool",
                      "ipAddresses": [
                        "list",
                        "string"
                      ],
                      "isCA": "bool",
                      "issuerRef": [
                        "object",
                        {
                          "group": "string",
                          "kind": "string",
                          "name": "string"
                        }
                      ],
                      "keystores": [
                        "object",
                        {
                          "jks": [
                            "object",
                            {
                              "alias": "string",
                              "create": "bool",
                              "passwordSecretRef": [
                                "object",
                                {
                                  "key": "string",
                                  "name": "string"
                                }
                              ]
                            }
                          ],
                          "pkcs12": [
                            "object",
                            {
                              "create": "bool",
                              "passwordSecretRef": [
                                "object",
                                {
                                  "key": "string",
                                  "name": "string"
                                }
                              ],
                              "profile": "string"
                            }
                          ]
                        }
                      ],
                      "literalSubject": "string",
                      "nameConstraints": [
                        "object",
                        {
                          "critical": "bool",
                          "excluded": [
                            "object",
                            {
                              "dnsDomains": [
                                "list",
                                "string"
                              ],
                              "emailAddresses": [
                                "list",
                                "string"
                              ],
                              "ipRanges": [
                                "list",
                                "string"
                              ],
                              "uriDomains": [
                                "list",
                                "string"
                              ]
                            }
                          ],
                          "permitted": [
                            "object",
                            {
                              "dnsDomains": [
                                "list",
                                "string"
                              ],
                              "emailAddresses": [
                                "list",
                                "string"
                              ],
                              "ipRanges": [
                                "list",
                                "string"
                              ],
                              "uriDomains": [
                                "list",
                                "string"
                              ]
                            }
                          ]
                        }
                      ],
                      "otherNames": [
                        "list",
                        [
                          "object",
                          {
                            "oid": "string",
                            "utf8Value": "string"
                          }
                        ]
                      ],
                      "privateKey": [
                        "object",
                        {
                          "algorithm": "string",
                          "encoding": "string",
                          "rotationPolicy": "string",
                          "size": "number"
                        }
                      ],
                      "renewBefore": "string",
                      "revisionHistoryLimit": "number",
                      "secretName": "string",
                      "secretTemplate": [
                        "object",
                        {
                          "annotations": [
                            "map",
                            "string"
                          ],
                          "labels": [
                            "map",
                            "string"
                          ]
                        }
                      ],
                      "subject": [
                        "object",
                        {
                          "countries": [
                            "list",
                            "string"
                          ],
                          "localities": [
                            "list",
                            "string"
                          ],
                          "organizationalUnits": [
                            "list",
                            "string"
                          ],
                          "organizations": [
                            "list",
                            "string"
                          ],
                          "postalCodes": [
                            "list",
                            "string"
                          ],
                          "provinces": [
                            "list",
                            "string"
                          ],
                          "serialNumber": "string",
                          "streetAddresses": [
                            "list",
                            "string"
                          ]
                        }
                      ],
                      "uris": [
                        "list",
                        "string"
                      ],
                      "usages": [
                        "list",
                        "string"
                      ]
                    }
                  ]
                }
              ]
            },
            "timeouts": [],
            "wait": [],
            "wait_for": null
          },
          "sensitive_attributes": [],
          "dependencies": [
            "module.certmgr.kubernetes_manifest.certificate_ca",
            "module.certmgr.kubernetes_manifest.cluster_self_issuer",
            "module.certmgr.kubernetes_manifest.final_issuer",
            "module.certmgr.kubernetes_secret.jks",
            "module.k8s_cluster.helm_release.certmgr",
            "module.k8s_cluster.kubernetes_namespace_v1.example"
          ]
        }
      ]
    },
    {
      "module": "module.certmgr",
      "mode": "managed",
      "type": "kubernetes_manifest",
      "name": "cluster_self_issuer",
      "provider": "provider[\"registry.terraform.io/hashicorp/kubernetes\"]",
      "instances": [
        {
          "schema_version": 1,
          "attributes": {
            "computed_fields": null,
            "field_manager": [],
            "manifest": {
              "value": {
                "apiVersion": "cert-manager.io/v1",
                "kind": "ClusterIssuer",
                "metadata": {
                  "name": "localsvc-issuer"
                },
                "spec": {
                  "selfSigned": {}
                }
              },
              "type": [
                "object",
                {
                  "apiVersion": "string",
                  "kind": "string",
                  "metadata": [
                    "object",
                    {
                      "name": "string"
                    }
                  ],
                  "spec": [
                    "object",
                    {
                      "selfSigned": [
                        "object",
                        {}
                      ]
                    }
                  ]
                }
              ]
            },
            "object": {
              "value": {
                "apiVersion": "cert-manager.io/v1",
                "kind": "ClusterIssuer",
                "metadata": {
                  "annotations": null,
                  "creationTimestamp": null,
                  "deletionGracePeriodSeconds": null,
                  "deletionTimestamp": null,
                  "finalizers": null,
                  "generateName": null,
                  "generation": null,
                  "labels": null,
                  "managedFields": null,
                  "name": "localsvc-issuer",
                  "namespace": null,
                  "ownerReferences": null,
                  "resourceVersion": null,
                  "selfLink": null,
                  "uid": null
                },
                "spec": {
                  "acme": {
                    "caBundle": null,
                    "disableAccountKeyGeneration": null,
                    "email": null,
                    "enableDurationFeature": null,
                    "externalAccountBinding": {
                      "keyAlgorithm": null,
                      "keyID": null,
                      "keySecretRef": {
                        "key": null,
                        "name": null
                      }
                    },
                    "preferredChain": null,
                    "privateKeySecretRef": {
                      "key": null,
                      "name": null
                    },
                    "server": null,
                    "skipTLSVerify": null,
                    "solvers": null
                  },
                  "ca": {
                    "crlDistributionPoints": null,
                    "issuingCertificateURLs": null,
                    "ocspServers": null,
                    "secretName": null
                  },
                  "selfSigned": {
                    "crlDistributionPoints": null
                  },
                  "vault": {
                    "auth": {
                      "appRole": {
                        "path": null,
                        "roleId": null,
                        "secretRef": {
                          "key": null,
                          "name": null
                        }
                      },
                      "kubernetes": {
                        "mountPath": null,
                        "role": null,
                        "secretRef": {
                          "key": null,
                          "name": null
                        },
                        "serviceAccountRef": {
                          "audiences": null,
                          "name": null
                        }
                      },
                      "tokenSecretRef": {
                        "key": null,
                        "name": null
                      }
                    },
                    "caBundle": null,
                    "caBundleSecretRef": {
                      "key": null,
                      "name": null
                    },
                    "clientCertSecretRef": {
                      "key": null,
                      "name": null
                    },
                    "clientKeySecretRef": {
                      "key": null,
                      "name": null
                    },
                    "namespace": null,
                    "path": null,
                    "server": null
                  },
                  "venafi": {
                    "cloud": {
                      "apiTokenSecretRef": {
                        "key": null,
                        "name": null
                      },
                      "url": null
                    },
                    "tpp": {
                      "caBundle": null,
                      "credentialsRef": {
                        "name": null
                      },
                      "url": null
                    },
                    "zone": null
                  }
                }
              },
              "type": [
                "object",
                {
                  "apiVersion": "string",
                  "kind": "string",
                  "metadata": [
                    "object",
                    {
                      "annotations": [
                        "map",
                        "string"
                      ],
                      "creationTimestamp": "string",
                      "deletionGracePeriodSeconds": "number",
                      "deletionTimestamp": "string",
                      "finalizers": [
                        "list",
                        "string"
                      ],
                      "generateName": "string",
                      "generation": "number",
                      "labels": [
                        "map",
                        "string"
                      ],
                      "managedFields": [
                        "tuple",
                        [
                          [
                            "object",
                            {
                              "apiVersion": "string",
                              "fieldsType": "string",
                              "fieldsV1": "dynamic",
                              "manager": "string",
                              "operation": "string",
                              "subresource": "string",
                              "time": "string"
                            }
                          ]
                        ]
                      ],
                      "name": "string",
                      "namespace": "string",
                      "ownerReferences": [
                        "list",
                        [
                          "object",
                          {
                            "apiVersion": "string",
                            "blockOwnerDeletion": "bool",
                            "controller": "bool",
                            "kind": "string",
                            "name": "string",
                            "uid": "string"
                          }
                        ]
                      ],
                      "resourceVersion": "string",
                      "selfLink": "string",
                      "uid": "string"
                    }
                  ],
                  "spec": [
                    "object",
                    {
                      "acme": [
                        "object",
                        {
                          "caBundle": "string",
                          "disableAccountKeyGeneration": "bool",
                          "email": "string",
                          "enableDurationFeature": "bool",
                          "externalAccountBinding": [
                            "object",
                            {
                              "keyAlgorithm": "string",
                              "keyID": "string",
                              "keySecretRef": [
                                "object",
                                {
                                  "key": "string",
                                  "name": "string"
                                }
                              ]
                            }
                          ],
                          "preferredChain": "string",
                          "privateKeySecretRef": [
                            "object",
                            {
                              "key": "string",
                              "name": "string"
                            }
                          ],
                          "server": "string",
                          "skipTLSVerify": "bool",
                          "solvers": [
                            "tuple",
                            [
                              [
                                "object",
                                {
                                  "dns01": [
                                    "object",
                                    {
                                      "acmeDNS": [
                                        "object",
                                        {
                                          "accountSecretRef": [
                                            "object",
                                            {
                                              "key": "string",
                                              "name": "string"
                                            }
                                          ],
                                          "host": "string"
                                        }
                                      ],
                                      "akamai": [
                                        "object",
                                        {
                                          "accessTokenSecretRef": [
                                            "object",
                                            {
                                              "key": "string",
                                              "name": "string"
                                            }
                                          ],
                                          "clientSecretSecretRef": [
                                            "object",
                                            {
                                              "key": "string",
                                              "name": "string"
                                            }
                                          ],
                                          "clientTokenSecretRef": [
                                            "object",
                                            {
                                              "key": "string",
                                              "name": "string"
                                            }
                                          ],
                                          "serviceConsumerDomain": "string"
                                        }
                                      ],
                                      "azureDNS": [
                                        "object",
                                        {
                                          "clientID": "string",
                                          "clientSecretSecretRef": [
                                            "object",
                                            {
                                              "key": "string",
                                              "name": "string"
                                            }
                                          ],
                                          "environment": "string",
                                          "hostedZoneName": "string",
                                          "managedIdentity": [
                                            "object",
                                            {
                                              "clientID": "string",
                                              "resourceID": "string"
                                            }
                                          ],
                                          "resourceGroupName": "string",
                                          "subscriptionID": "string",
                                          "tenantID": "string"
                                        }
                                      ],
                                      "cloudDNS": [
                                        "object",
                                        {
                                          "hostedZoneName": "string",
                                          "project": "string",
                                          "serviceAccountSecretRef": [
                                            "object",
                                            {
                                              "key": "string",
                                              "name": "string"
                                            }
                                          ]
                                        }
                                      ],
                                      "cloudflare": [
                                        "object",
                                        {
                                          "apiKeySecretRef": [
                                            "object",
                                            {
                                              "key": "string",
                                              "name": "string"
                                            }
                                          ],
                                          "apiTokenSecretRef": [
                                            "object",
                                            {
                                              "key": "string",
                                              "name": "string"
                                            }
                                          ],
                                          "email": "string"
                                        }
                                      ],
                                      "cnameStrategy": "string",
                                      "digitalocean": [
                                        "object",
                                        {
                                          "tokenSecretRef": [
                                            "object",
                                            {
                                              "key": "string",
                                              "name": "string"
                                            }
                                          ]
                                        }
                                      ],
                                      "rfc2136": [
                                        "object",
                                        {
                                          "nameserver": "string",
                                          "tsigAlgorithm": "string",
                                          "tsigKeyName": "string",
                                          "tsigSecretSecretRef": [
                                            "object",
                                            {
                                              "key": "string",
                                              "name": "string"
                                            }
                                          ]
                                        }
                                      ],
                                      "route53": [
                                        "object",
                                        {
                                          "accessKeyID": "string",
                                          "accessKeyIDSecretRef": [
                                            "object",
                                            {
                                              "key": "string",
                                              "name": "string"
                                            }
                                          ],
                                          "auth": [
                                            "object",
                                            {
                                              "kubernetes": [
                                                "object",
                                                {
                                                  "serviceAccountRef": [
                                                    "object",
                                                    {
                                                      "audiences": [
                                                        "list",
                                                        "string"
                                                      ],
                                                      "name": "string"
                                                    }
                                                  ]
                                                }
                                              ]
                                            }
                                          ],
                                          "hostedZoneID": "string",
                                          "region": "string",
                                          "role": "string",
                                          "secretAccessKeySecretRef": [
                                            "object",
                                            {
                                              "key": "string",
                                              "name": "string"
                                            }
                                          ]
                                        }
                                      ],
                                      "webhook": [
                                        "object",
                                        {
                                          "config": "dynamic",
                                          "groupName": "string",
                                          "solverName": "string"
                                        }
                                      ]
                                    }
                                  ],
                                  "http01": [
                                    "object",
                                    {
                                      "gatewayHTTPRoute": [
                                        "object",
                                        {
                                          "labels": [
                                            "map",
                                            "string"
                                          ],
                                          "parentRefs": [
                                            "list",
                                            [
                                              "object",
                                              {
                                                "group": "string",
                                                "kind": "string",
                                                "name": "string",
                                                "namespace": "string",
                                                "port": "number",
                                                "sectionName": "string"
                                              }
                                            ]
                                          ],
                                          "serviceType": "string"
                                        }
                                      ],
                                      "ingress": [
                                        "object",
                                        {
                                          "class": "string",
                                          "ingressClassName": "string",
                                          "ingressTemplate": [
                                            "object",
                                            {
                                              "metadata": [
                                                "object",
                                                {
                                                  "annotations": [
                                                    "map",
                                                    "string"
                                                  ],
                                                  "labels": [
                                                    "map",
                                                    "string"
                                                  ]
                                                }
                                              ]
                                            }
                                          ],
                                          "name": "string",
                                          "podTemplate": [
                                            "object",
                                            {
                                              "metadata": [
                                                "object",
                                                {
                                                  "annotations": [
                                                    "map",
                                                    "string"
                                                  ],
                                                  "labels": [
                                                    "map",
                                                    "string"
                                                  ]
                                                }
                                              ],
                                              "spec": [
                                                "object",
                                                {
                                                  "affinity": [
                                                    "object",
                                                    {
                                                      "nodeAffinity": [
                                                        "object",
                                                        {
                                                          "preferredDuringSchedulingIgnoredDuringExecution": [
                                                            "list",
                                                            [
                                                              "object",
                                                              {
                                                                "preference": [
                                                                  "object",
                                                                  {
                                                                    "matchExpressions": [
                                                                      "list",
                                                                      [
                                                                        "object",
                                                                        {
                                                                          "key": "string",
                                                                          "operator": "string",
                                                                          "values": [
                                                                            "list",
                                                                            "string"
                                                                          ]
                                                                        }
                                                                      ]
                                                                    ],
                                                                    "matchFields": [
                                                                      "list",
                                                                      [
                                                                        "object",
                                                                        {
                                                                          "key": "string",
                                                                          "operator": "string",
                                                                          "values": [
                                                                            "list",
                                                                            "string"
                                                                          ]
                                                                        }
                                                                      ]
                                                                    ]
                                                                  }
                                                                ],
                                                                "weight": "number"
                                                              }
                                                            ]
                                                          ],
                                                          "requiredDuringSchedulingIgnoredDuringExecution": [
                                                            "object",
                                                            {
                                                              "nodeSelectorTerms": [
                                                                "list",
                                                                [
                                                                  "object",
                                                                  {
                                                                    "matchExpressions": [
                                                                      "list",
                                                                      [
                                                                        "object",
                                                                        {
                                                                          "key": "string",
                                                                          "operator": "string",
                                                                          "values": [
                                                                            "list",
                                                                            "string"
                                                                          ]
                                                                        }
                                                                      ]
                                                                    ],
                                                                    "matchFields": [
                                                                      "list",
                                                                      [
                                                                        "object",
                                                                        {
                                                                          "key": "string",
                                                                          "operator": "string",
                                                                          "values": [
                                                                            "list",
                                                                            "string"
                                                                          ]
                                                                        }
                                                                      ]
                                                                    ]
                                                                  }
                                                                ]
                                                              ]
                                                            }
                                                          ]
                                                        }
                                                      ],
                                                      "podAffinity": [
                                                        "object",
                                                        {
                                                          "preferredDuringSchedulingIgnoredDuringExecution": [
                                                            "list",
                                                            [
                                                              "object",
                                                              {
                                                                "podAffinityTerm": [
                                                                  "object",
                                                                  {
                                                                    "labelSelector": [
                                                                      "object",
                                                                      {
                                                                        "matchExpressions": [
                                                                          "list",
                                                                          [
                                                                            "object",
                                                                            {
                                                                              "key": "string",
                                                                              "operator": "string",
                                                                              "values": [
                                                                                "list",
                                                                                "string"
                                                                              ]
                                                                            }
                                                                          ]
                                                                        ],
                                                                        "matchLabels": [
                                                                          "map",
                                                                          "string"
                                                                        ]
                                                                      }
                                                                    ],
                                                                    "matchLabelKeys": [
                                                                      "list",
                                                                      "string"
                                                                    ],
                                                                    "mismatchLabelKeys": [
                                                                      "list",
                                                                      "string"
                                                                    ],
                                                                    "namespaceSelector": [
                                                                      "object",
                                                                      {
                                                                        "matchExpressions": [
                                                                          "list",
                                                                          [
                                                                            "object",
                                                                            {
                                                                              "key": "string",
                                                                              "operator": "string",
                                                                              "values": [
                                                                                "list",
                                                                                "string"
                                                                              ]
                                                                            }
                                                                          ]
                                                                        ],
                                                                        "matchLabels": [
                                                                          "map",
                                                                          "string"
                                                                        ]
                                                                      }
                                                                    ],
                                                                    "namespaces": [
                                                                      "list",
                                                                      "string"
                                                                    ],
                                                                    "topologyKey": "string"
                                                                  }
                                                                ],
                                                                "weight": "number"
                                                              }
                                                            ]
                                                          ],
                                                          "requiredDuringSchedulingIgnoredDuringExecution": [
                                                            "list",
                                                            [
                                                              "object",
                                                              {
                                                                "labelSelector": [
                                                                  "object",
                                                                  {
                                                                    "matchExpressions": [
                                                                      "list",
                                                                      [
                                                                        "object",
                                                                        {
                                                                          "key": "string",
                                                                          "operator": "string",
                                                                          "values": [
                                                                            "list",
                                                                            "string"
                                                                          ]
                                                                        }
                                                                      ]
                                                                    ],
                                                                    "matchLabels": [
                                                                      "map",
                                                                      "string"
                                                                    ]
                                                                  }
                                                                ],
                                                                "matchLabelKeys": [
                                                                  "list",
                                                                  "string"
                                                                ],
                                                                "mismatchLabelKeys": [
                                                                  "list",
                                                                  "string"
                                                                ],
                                                                "namespaceSelector": [
                                                                  "object",
                                                                  {
                                                                    "matchExpressions": [
                                                                      "list",
                                                                      [
                                                                        "object",
                                                                        {
                                                                          "key": "string",
                                                                          "operator": "string",
                                                                          "values": [
                                                                            "list",
                                                                            "string"
                                                                          ]
                                                                        }
                                                                      ]
                                                                    ],
                                                                    "matchLabels": [
                                                                      "map",
                                                                      "string"
                                                                    ]
                                                                  }
                                                                ],
                                                                "namespaces": [
                                                                  "list",
                                                                  "string"
                                                                ],
                                                                "topologyKey": "string"
                                                              }
                                                            ]
                                                          ]
                                                        }
                                                      ],
                                                      "podAntiAffinity": [
                                                        "object",
                                                        {
                                                          "preferredDuringSchedulingIgnoredDuringExecution": [
                                                            "list",
                                                            [
                                                              "object",
                                                              {
                                                                "podAffinityTerm": [
                                                                  "object",
                                                                  {
                                                                    "labelSelector": [
                                                                      "object",
                                                                      {
                                                                        "matchExpressions": [
                                                                          "list",
                                                                          [
                                                                            "object",
                                                                            {
                                                                              "key": "string",
                                                                              "operator": "string",
                                                                              "values": [
                                                                                "list",
                                                                                "string"
                                                                              ]
                                                                            }
                                                                          ]
                                                                        ],
                                                                        "matchLabels": [
                                                                          "map",
                                                                          "string"
                                                                        ]
                                                                      }
                                                                    ],
                                                                    "matchLabelKeys": [
                                                                      "list",
                                                                      "string"
                                                                    ],
                                                                    "mismatchLabelKeys": [
                                                                      "list",
                                                                      "string"
                                                                    ],
                                                                    "namespaceSelector": [
                                                                      "object",
                                                                      {
                                                                        "matchExpressions": [
                                                                          "list",
                                                                          [
                                                                            "object",
                                                                            {
                                                                              "key": "string",
                                                                              "operator": "string",
                                                                              "values": [
                                                                                "list",
                                                                                "string"
                                                                              ]
                                                                            }
                                                                          ]
                                                                        ],
                                                                        "matchLabels": [
                                                                          "map",
                                                                          "string"
                                                                        ]
                                                                      }
                                                                    ],
                                                                    "namespaces": [
                                                                      "list",
                                                                      "string"
                                                                    ],
                                                                    "topologyKey": "string"
                                                                  }
                                                                ],
                                                                "weight": "number"
                                                              }
                                                            ]
                                                          ],
                                                          "requiredDuringSchedulingIgnoredDuringExecution": [
                                                            "list",
                                                            [
                                                              "object",
                                                              {
                                                                "labelSelector": [
                                                                  "object",
                                                                  {
                                                                    "matchExpressions": [
                                                                      "list",
                                                                      [
                                                                        "object",
                                                                        {
                                                                          "key": "string",
                                                                          "operator": "string",
                                                                          "values": [
                                                                            "list",
                                                                            "string"
                                                                          ]
                                                                        }
                                                                      ]
                                                                    ],
                                                                    "matchLabels": [
                                                                      "map",
                                                                      "string"
                                                                    ]
                                                                  }
                                                                ],
                                                                "matchLabelKeys": [
                                                                  "list",
                                                                  "string"
                                                                ],
                                                                "mismatchLabelKeys": [
                                                                  "list",
                                                                  "string"
                                                                ],
                                                                "namespaceSelector": [
                                                                  "object",
                                                                  {
                                                                    "matchExpressions": [
                                                                      "list",
                                                                      [
                                                                        "object",
                                                                        {
                                                                          "key": "string",
                                                                          "operator": "string",
                                                                          "values": [
                                                                            "list",
                                                                            "string"
                                                                          ]
                                                                        }
                                                                      ]
                                                                    ],
                                                                    "matchLabels": [
                                                                      "map",
                                                                      "string"
                                                                    ]
                                                                  }
                                                                ],
                                                                "namespaces": [
                                                                  "list",
                                                                  "string"
                                                                ],
                                                                "topologyKey": "string"
                                                              }
                                                            ]
                                                          ]
                                                        }
                                                      ]
                                                    }
                                                  ],
                                                  "imagePullSecrets": [
                                                    "list",
                                                    [
                                                      "object",
                                                      {
                                                        "name": "string"
                                                      }
                                                    ]
                                                  ],
                                                  "nodeSelector": [
                                                    "map",
                                                    "string"
                                                  ],
                                                  "priorityClassName": "string",
                                                  "serviceAccountName": "string",
                                                  "tolerations": [
                                                    "list",
                                                    [
                                                      "object",
                                                      {
                                                        "effect": "string",
                                                        "key": "string",
                                                        "operator": "string",
                                                        "tolerationSeconds": "number",
                                                        "value": "string"
                                                      }
                                                    ]
                                                  ]
                                                }
                                              ]
                                            }
                                          ],
                                          "serviceType": "string"
                                        }
                                      ]
                                    }
                                  ],
                                  "selector": [
                                    "object",
                                    {
                                      "dnsNames": [
                                        "list",
                                        "string"
                                      ],
                                      "dnsZones": [
                                        "list",
                                        "string"
                                      ],
                                      "matchLabels": [
                                        "map",
                                        "string"
                                      ]
                                    }
                                  ]
                                }
                              ]
                            ]
                          ]
                        }
                      ],
                      "ca": [
                        "object",
                        {
                          "crlDistributionPoints": [
                            "list",
                            "string"
                          ],
                          "issuingCertificateURLs": [
                            "list",
                            "string"
                          ],
                          "ocspServers": [
                            "list",
                            "string"
                          ],
                          "secretName": "string"
                        }
                      ],
                      "selfSigned": [
                        "object",
                        {
                          "crlDistributionPoints": [
                            "list",
                            "string"
                          ]
                        }
                      ],
                      "vault": [
                        "object",
                        {
                          "auth": [
                            "object",
                            {
                              "appRole": [
                                "object",
                                {
                                  "path": "string",
                                  "roleId": "string",
                                  "secretRef": [
                                    "object",
                                    {
                                      "key": "string",
                                      "name": "string"
                                    }
                                  ]
                                }
                              ],
                              "kubernetes": [
                                "object",
                                {
                                  "mountPath": "string",
                                  "role": "string",
                                  "secretRef": [
                                    "object",
                                    {
                                      "key": "string",
                                      "name": "string"
                                    }
                                  ],
                                  "serviceAccountRef": [
                                    "object",
                                    {
                                      "audiences": [
                                        "list",
                                        "string"
                                      ],
                                      "name": "string"
                                    }
                                  ]
                                }
                              ],
                              "tokenSecretRef": [
                                "object",
                                {
                                  "key": "string",
                                  "name": "string"
                                }
                              ]
                            }
                          ],
                          "caBundle": "string",
                          "caBundleSecretRef": [
                            "object",
                            {
                              "key": "string",
                              "name": "string"
                            }
                          ],
                          "clientCertSecretRef": [
                            "object",
                            {
                              "key": "string",
                              "name": "string"
                            }
                          ],
                          "clientKeySecretRef": [
                            "object",
                            {
                              "key": "string",
                              "name": "string"
                            }
                          ],
                          "namespace": "string",
                          "path": "string",
                          "server": "string"
                        }
                      ],
                      "venafi": [
                        "object",
                        {
                          "cloud": [
                            "object",
                            {
                              "apiTokenSecretRef": [
                                "object",
                                {
                                  "key": "string",
                                  "name": "string"
                                }
                              ],
                              "url": "string"
                            }
                          ],
                          "tpp": [
                            "object",
                            {
                              "caBundle": "string",
                              "credentialsRef": [
                                "object",
                                {
                                  "name": "string"
                                }
                              ],
                              "url": "string"
                            }
                          ],
                          "zone": "string"
                        }
                      ]
                    }
                  ]
                }
              ]
            },
            "timeouts": [],
            "wait": [],
            "wait_for": null
          },
          "sensitive_attributes": [],
          "dependencies": [
            "module.certmgr.kubernetes_secret.jks",
            "module.k8s_cluster.helm_release.certmgr",
            "module.k8s_cluster.kubernetes_namespace_v1.example"
          ]
        }
      ]
    },
    {
      "module": "module.certmgr",
      "mode": "managed",
      "type": "kubernetes_manifest",
      "name": "final_issuer",
      "provider": "provider[\"registry.terraform.io/hashicorp/kubernetes\"]",
      "instances": [
        {
          "schema_version": 1,
          "attributes": {
            "computed_fields": null,
            "field_manager": [],
            "manifest": {
              "value": {
                "apiVersion": "cert-manager.io/v1",
                "kind": "Issuer",
                "metadata": {
                  "name": "test-issuer",
                  "namespace": "cert-manager"
                },
                "spec": {
                  "ca": {
                    "secretName": "root-ca-svc-secret"
                  }
                }
              },
              "type": [
                "object",
                {
                  "apiVersion": "string",
                  "kind": "string",
                  "metadata": [
                    "object",
                    {
                      "name": "string",
                      "namespace": "string"
                    }
                  ],
                  "spec": [
                    "object",
                    {
                      "ca": [
                        "object",
                        {
                          "secretName": "string"
                        }
                      ]
                    }
                  ]
                }
              ]
            },
            "object": {
              "value": {
                "apiVersion": "cert-manager.io/v1",
                "kind": "Issuer",
                "metadata": {
                  "annotations": null,
                  "creationTimestamp": null,
                  "deletionGracePeriodSeconds": null,
                  "deletionTimestamp": null,
                  "finalizers": null,
                  "generateName": null,
                  "generation": null,
                  "labels": null,
                  "managedFields": null,
                  "name": "test-issuer",
                  "namespace": "cert-manager",
                  "ownerReferences": null,
                  "resourceVersion": null,
                  "selfLink": null,
                  "uid": null
                },
                "spec": {
                  "acme": {
                    "caBundle": null,
                    "disableAccountKeyGeneration": null,
                    "email": null,
                    "enableDurationFeature": null,
                    "externalAccountBinding": {
                      "keyAlgorithm": null,
                      "keyID": null,
                      "keySecretRef": {
                        "key": null,
                        "name": null
                      }
                    },
                    "preferredChain": null,
                    "privateKeySecretRef": {
                      "key": null,
                      "name": null
                    },
                    "server": null,
                    "skipTLSVerify": null,
                    "solvers": null
                  },
                  "ca": {
                    "crlDistributionPoints": null,
                    "issuingCertificateURLs": null,
                    "ocspServers": null,
                    "secretName": "root-ca-svc-secret"
                  },
                  "selfSigned": {
                    "crlDistributionPoints": null
                  },
                  "vault": {
                    "auth": {
                      "appRole": {
                        "path": null,
                        "roleId": null,
                        "secretRef": {
                          "key": null,
                          "name": null
                        }
                      },
                      "kubernetes": {
                        "mountPath": null,
                        "role": null,
                        "secretRef": {
                          "key": null,
                          "name": null
                        },
                        "serviceAccountRef": {
                          "audiences": null,
                          "name": null
                        }
                      },
                      "tokenSecretRef": {
                        "key": null,
                        "name": null
                      }
                    },
                    "caBundle": null,
                    "caBundleSecretRef": {
                      "key": null,
                      "name": null
                    },
                    "clientCertSecretRef": {
                      "key": null,
                      "name": null
                    },
                    "clientKeySecretRef": {
                      "key": null,
                      "name": null
                    },
                    "namespace": null,
                    "path": null,
                    "server": null
                  },
                  "venafi": {
                    "cloud": {
                      "apiTokenSecretRef": {
                        "key": null,
                        "name": null
                      },
                      "url": null
                    },
                    "tpp": {
                      "caBundle": null,
                      "credentialsRef": {
                        "name": null
                      },
                      "url": null
                    },
                    "zone": null
                  }
                }
              },
              "type": [
                "object",
                {
                  "apiVersion": "string",
                  "kind": "string",
                  "metadata": [
                    "object",
                    {
                      "annotations": [
                        "map",
                        "string"
                      ],
                      "creationTimestamp": "string",
                      "deletionGracePeriodSeconds": "number",
                      "deletionTimestamp": "string",
                      "finalizers": [
                        "list",
                        "string"
                      ],
                      "generateName": "string",
                      "generation": "number",
                      "labels": [
                        "map",
                        "string"
                      ],
                      "managedFields": [
                        "tuple",
                        [
                          [
                            "object",
                            {
                              "apiVersion": "string",
                              "fieldsType": "string",
                              "fieldsV1": "dynamic",
                              "manager": "string",
                              "operation": "string",
                              "subresource": "string",
                              "time": "string"
                            }
                          ]
                        ]
                      ],
                      "name": "string",
                      "namespace": "string",
                      "ownerReferences": [
                        "list",
                        [
                          "object",
                          {
                            "apiVersion": "string",
                            "blockOwnerDeletion": "bool",
                            "controller": "bool",
                            "kind": "string",
                            "name": "string",
                            "uid": "string"
                          }
                        ]
                      ],
                      "resourceVersion": "string",
                      "selfLink": "string",
                      "uid": "string"
                    }
                  ],
                  "spec": [
                    "object",
                    {
                      "acme": [
                        "object",
                        {
                          "caBundle": "string",
                          "disableAccountKeyGeneration": "bool",
                          "email": "string",
                          "enableDurationFeature": "bool",
                          "externalAccountBinding": [
                            "object",
                            {
                              "keyAlgorithm": "string",
                              "keyID": "string",
                              "keySecretRef": [
                                "object",
                                {
                                  "key": "string",
                                  "name": "string"
                                }
                              ]
                            }
                          ],
                          "preferredChain": "string",
                          "privateKeySecretRef": [
                            "object",
                            {
                              "key": "string",
                              "name": "string"
                            }
                          ],
                          "server": "string",
                          "skipTLSVerify": "bool",
                          "solvers": [
                            "tuple",
                            [
                              [
                                "object",
                                {
                                  "dns01": [
                                    "object",
                                    {
                                      "acmeDNS": [
                                        "object",
                                        {
                                          "accountSecretRef": [
                                            "object",
                                            {
                                              "key": "string",
                                              "name": "string"
                                            }
                                          ],
                                          "host": "string"
                                        }
                                      ],
                                      "akamai": [
                                        "object",
                                        {
                                          "accessTokenSecretRef": [
                                            "object",
                                            {
                                              "key": "string",
                                              "name": "string"
                                            }
                                          ],
                                          "clientSecretSecretRef": [
                                            "object",
                                            {
                                              "key": "string",
                                              "name": "string"
                                            }
                                          ],
                                          "clientTokenSecretRef": [
                                            "object",
                                            {
                                              "key": "string",
                                              "name": "string"
                                            }
                                          ],
                                          "serviceConsumerDomain": "string"
                                        }
                                      ],
                                      "azureDNS": [
                                        "object",
                                        {
                                          "clientID": "string",
                                          "clientSecretSecretRef": [
                                            "object",
                                            {
                                              "key": "string",
                                              "name": "string"
                                            }
                                          ],
                                          "environment": "string",
                                          "hostedZoneName": "string",
                                          "managedIdentity": [
                                            "object",
                                            {
                                              "clientID": "string",
                                              "resourceID": "string"
                                            }
                                          ],
                                          "resourceGroupName": "string",
                                          "subscriptionID": "string",
                                          "tenantID": "string"
                                        }
                                      ],
                                      "cloudDNS": [
                                        "object",
                                        {
                                          "hostedZoneName": "string",
                                          "project": "string",
                                          "serviceAccountSecretRef": [
                                            "object",
                                            {
                                              "key": "string",
                                              "name": "string"
                                            }
                                          ]
                                        }
                                      ],
                                      "cloudflare": [
                                        "object",
                                        {
                                          "apiKeySecretRef": [
                                            "object",
                                            {
                                              "key": "string",
                                              "name": "string"
                                            }
                                          ],
                                          "apiTokenSecretRef": [
                                            "object",
                                            {
                                              "key": "string",
                                              "name": "string"
                                            }
                                          ],
                                          "email": "string"
                                        }
                                      ],
                                      "cnameStrategy": "string",
                                      "digitalocean": [
                                        "object",
                                        {
                                          "tokenSecretRef": [
                                            "object",
                                            {
                                              "key": "string",
                                              "name": "string"
                                            }
                                          ]
                                        }
                                      ],
                                      "rfc2136": [
                                        "object",
                                        {
                                          "nameserver": "string",
                                          "tsigAlgorithm": "string",
                                          "tsigKeyName": "string",
                                          "tsigSecretSecretRef": [
                                            "object",
                                            {
                                              "key": "string",
                                              "name": "string"
                                            }
                                          ]
                                        }
                                      ],
                                      "route53": [
                                        "object",
                                        {
                                          "accessKeyID": "string",
                                          "accessKeyIDSecretRef": [
                                            "object",
                                            {
                                              "key": "string",
                                              "name": "string"
                                            }
                                          ],
                                          "auth": [
                                            "object",
                                            {
                                              "kubernetes": [
                                                "object",
                                                {
                                                  "serviceAccountRef": [
                                                    "object",
                                                    {
                                                      "audiences": [
                                                        "list",
                                                        "string"
                                                      ],
                                                      "name": "string"
                                                    }
                                                  ]
                                                }
                                              ]
                                            }
                                          ],
                                          "hostedZoneID": "string",
                                          "region": "string",
                                          "role": "string",
                                          "secretAccessKeySecretRef": [
                                            "object",
                                            {
                                              "key": "string",
                                              "name": "string"
                                            }
                                          ]
                                        }
                                      ],
                                      "webhook": [
                                        "object",
                                        {
                                          "config": "dynamic",
                                          "groupName": "string",
                                          "solverName": "string"
                                        }
                                      ]
                                    }
                                  ],
                                  "http01": [
                                    "object",
                                    {
                                      "gatewayHTTPRoute": [
                                        "object",
                                        {
                                          "labels": [
                                            "map",
                                            "string"
                                          ],
                                          "parentRefs": [
                                            "list",
                                            [
                                              "object",
                                              {
                                                "group": "string",
                                                "kind": "string",
                                                "name": "string",
                                                "namespace": "string",
                                                "port": "number",
                                                "sectionName": "string"
                                              }
                                            ]
                                          ],
                                          "serviceType": "string"
                                        }
                                      ],
                                      "ingress": [
                                        "object",
                                        {
                                          "class": "string",
                                          "ingressClassName": "string",
                                          "ingressTemplate": [
                                            "object",
                                            {
                                              "metadata": [
                                                "object",
                                                {
                                                  "annotations": [
                                                    "map",
                                                    "string"
                                                  ],
                                                  "labels": [
                                                    "map",
                                                    "string"
                                                  ]
                                                }
                                              ]
                                            }
                                          ],
                                          "name": "string",
                                          "podTemplate": [
                                            "object",
                                            {
                                              "metadata": [
                                                "object",
                                                {
                                                  "annotations": [
                                                    "map",
                                                    "string"
                                                  ],
                                                  "labels": [
                                                    "map",
                                                    "string"
                                                  ]
                                                }
                                              ],
                                              "spec": [
                                                "object",
                                                {
                                                  "affinity": [
                                                    "object",
                                                    {
                                                      "nodeAffinity": [
                                                        "object",
                                                        {
                                                          "preferredDuringSchedulingIgnoredDuringExecution": [
                                                            "list",
                                                            [
                                                              "object",
                                                              {
                                                                "preference": [
                                                                  "object",
                                                                  {
                                                                    "matchExpressions": [
                                                                      "list",
                                                                      [
                                                                        "object",
                                                                        {
                                                                          "key": "string",
                                                                          "operator": "string",
                                                                          "values": [
                                                                            "list",
                                                                            "string"
                                                                          ]
                                                                        }
                                                                      ]
                                                                    ],
                                                                    "matchFields": [
                                                                      "list",
                                                                      [
                                                                        "object",
                                                                        {
                                                                          "key": "string",
                                                                          "operator": "string",
                                                                          "values": [
                                                                            "list",
                                                                            "string"
                                                                          ]
                                                                        }
                                                                      ]
                                                                    ]
                                                                  }
                                                                ],
                                                                "weight": "number"
                                                              }
                                                            ]
                                                          ],
                                                          "requiredDuringSchedulingIgnoredDuringExecution": [
                                                            "object",
                                                            {
                                                              "nodeSelectorTerms": [
                                                                "list",
                                                                [
                                                                  "object",
                                                                  {
                                                                    "matchExpressions": [
                                                                      "list",
                                                                      [
                                                                        "object",
                                                                        {
                                                                          "key": "string",
                                                                          "operator": "string",
                                                                          "values": [
                                                                            "list",
                                                                            "string"
                                                                          ]
                                                                        }
                                                                      ]
                                                                    ],
                                                                    "matchFields": [
                                                                      "list",
                                                                      [
                                                                        "object",
                                                                        {
                                                                          "key": "string",
                                                                          "operator": "string",
                                                                          "values": [
                                                                            "list",
                                                                            "string"
                                                                          ]
                                                                        }
                                                                      ]
                                                                    ]
                                                                  }
                                                                ]
                                                              ]
                                                            }
                                                          ]
                                                        }
                                                      ],
                                                      "podAffinity": [
                                                        "object",
                                                        {
                                                          "preferredDuringSchedulingIgnoredDuringExecution": [
                                                            "list",
                                                            [
                                                              "object",
                                                              {
                                                                "podAffinityTerm": [
                                                                  "object",
                                                                  {
                                                                    "labelSelector": [
                                                                      "object",
                                                                      {
                                                                        "matchExpressions": [
                                                                          "list",
                                                                          [
                                                                            "object",
                                                                            {
                                                                              "key": "string",
                                                                              "operator": "string",
                                                                              "values": [
                                                                                "list",
                                                                                "string"
                                                                              ]
                                                                            }
                                                                          ]
                                                                        ],
                                                                        "matchLabels": [
                                                                          "map",
                                                                          "string"
                                                                        ]
                                                                      }
                                                                    ],
                                                                    "matchLabelKeys": [
                                                                      "list",
                                                                      "string"
                                                                    ],
                                                                    "mismatchLabelKeys": [
                                                                      "list",
                                                                      "string"
                                                                    ],
                                                                    "namespaceSelector": [
                                                                      "object",
                                                                      {
                                                                        "matchExpressions": [
                                                                          "list",
                                                                          [
                                                                            "object",
                                                                            {
                                                                              "key": "string",
                                                                              "operator": "string",
                                                                              "values": [
                                                                                "list",
                                                                                "string"
                                                                              ]
                                                                            }
                                                                          ]
                                                                        ],
                                                                        "matchLabels": [
                                                                          "map",
                                                                          "string"
                                                                        ]
                                                                      }
                                                                    ],
                                                                    "namespaces": [
                                                                      "list",
                                                                      "string"
                                                                    ],
                                                                    "topologyKey": "string"
                                                                  }
                                                                ],
                                                                "weight": "number"
                                                              }
                                                            ]
                                                          ],
                                                          "requiredDuringSchedulingIgnoredDuringExecution": [
                                                            "list",
                                                            [
                                                              "object",
                                                              {
                                                                "labelSelector": [
                                                                  "object",
                                                                  {
                                                                    "matchExpressions": [
                                                                      "list",
                                                                      [
                                                                        "object",
                                                                        {
                                                                          "key": "string",
                                                                          "operator": "string",
                                                                          "values": [
                                                                            "list",
                                                                            "string"
                                                                          ]
                                                                        }
                                                                      ]
                                                                    ],
                                                                    "matchLabels": [
                                                                      "map",
                                                                      "string"
                                                                    ]
                                                                  }
                                                                ],
                                                                "matchLabelKeys": [
                                                                  "list",
                                                                  "string"
                                                                ],
                                                                "mismatchLabelKeys": [
                                                                  "list",
                                                                  "string"
                                                                ],
                                                                "namespaceSelector": [
                                                                  "object",
                                                                  {
                                                                    "matchExpressions": [
                                                                      "list",
                                                                      [
                                                                        "object",
                                                                        {
                                                                          "key": "string",
                                                                          "operator": "string",
                                                                          "values": [
                                                                            "list",
                                                                            "string"
                                                                          ]
                                                                        }
                                                                      ]
                                                                    ],
                                                                    "matchLabels": [
                                                                      "map",
                                                                      "string"
                                                                    ]
                                                                  }
                                                                ],
                                                                "namespaces": [
                                                                  "list",
                                                                  "string"
                                                                ],
                                                                "topologyKey": "string"
                                                              }
                                                            ]
                                                          ]
                                                        }
                                                      ],
                                                      "podAntiAffinity": [
                                                        "object",
                                                        {
                                                          "preferredDuringSchedulingIgnoredDuringExecution": [
                                                            "list",
                                                            [
                                                              "object",
                                                              {
                                                                "podAffinityTerm": [
                                                                  "object",
                                                                  {
                                                                    "labelSelector": [
                                                                      "object",
                                                                      {
                                                                        "matchExpressions": [
                                                                          "list",
                                                                          [
                                                                            "object",
                                                                            {
                                                                              "key": "string",
                                                                              "operator": "string",
                                                                              "values": [
                                                                                "list",
                                                                                "string"
                                                                              ]
                                                                            }
                                                                          ]
                                                                        ],
                                                                        "matchLabels": [
                                                                          "map",
                                                                          "string"
                                                                        ]
                                                                      }
                                                                    ],
                                                                    "matchLabelKeys": [
                                                                      "list",
                                                                      "string"
                                                                    ],
                                                                    "mismatchLabelKeys": [
                                                                      "list",
                                                                      "string"
                                                                    ],
                                                                    "namespaceSelector": [
                                                                      "object",
                                                                      {
                                                                        "matchExpressions": [
                                                                          "list",
                                                                          [
                                                                            "object",
                                                                            {
                                                                              "key": "string",
                                                                              "operator": "string",
                                                                              "values": [
                                                                                "list",
                                                                                "string"
                                                                              ]
                                                                            }
                                                                          ]
                                                                        ],
                                                                        "matchLabels": [
                                                                          "map",
                                                                          "string"
                                                                        ]
                                                                      }
                                                                    ],
                                                                    "namespaces": [
                                                                      "list",
                                                                      "string"
                                                                    ],
                                                                    "topologyKey": "string"
                                                                  }
                                                                ],
                                                                "weight": "number"
                                                              }
                                                            ]
                                                          ],
                                                          "requiredDuringSchedulingIgnoredDuringExecution": [
                                                            "list",
                                                            [
                                                              "object",
                                                              {
                                                                "labelSelector": [
                                                                  "object",
                                                                  {
                                                                    "matchExpressions": [
                                                                      "list",
                                                                      [
                                                                        "object",
                                                                        {
                                                                          "key": "string",
                                                                          "operator": "string",
                                                                          "values": [
                                                                            "list",
                                                                            "string"
                                                                          ]
                                                                        }
                                                                      ]
                                                                    ],
                                                                    "matchLabels": [
                                                                      "map",
                                                                      "string"
                                                                    ]
                                                                  }
                                                                ],
                                                                "matchLabelKeys": [
                                                                  "list",
                                                                  "string"
                                                                ],
                                                                "mismatchLabelKeys": [
                                                                  "list",
                                                                  "string"
                                                                ],
                                                                "namespaceSelector": [
                                                                  "object",
                                                                  {
                                                                    "matchExpressions": [
                                                                      "list",
                                                                      [
                                                                        "object",
                                                                        {
                                                                          "key": "string",
                                                                          "operator": "string",
                                                                          "values": [
                                                                            "list",
                                                                            "string"
                                                                          ]
                                                                        }
                                                                      ]
                                                                    ],
                                                                    "matchLabels": [
                                                                      "map",
                                                                      "string"
                                                                    ]
                                                                  }
                                                                ],
                                                                "namespaces": [
                                                                  "list",
                                                                  "string"
                                                                ],
                                                                "topologyKey": "string"
                                                              }
                                                            ]
                                                          ]
                                                        }
                                                      ]
                                                    }
                                                  ],
                                                  "imagePullSecrets": [
                                                    "list",
                                                    [
                                                      "object",
                                                      {
                                                        "name": "string"
                                                      }
                                                    ]
                                                  ],
                                                  "nodeSelector": [
                                                    "map",
                                                    "string"
                                                  ],
                                                  "priorityClassName": "string",
                                                  "serviceAccountName": "string",
                                                  "tolerations": [
                                                    "list",
                                                    [
                                                      "object",
                                                      {
                                                        "effect": "string",
                                                        "key": "string",
                                                        "operator": "string",
                                                        "tolerationSeconds": "number",
                                                        "value": "string"
                                                      }
                                                    ]
                                                  ]
                                                }
                                              ]
                                            }
                                          ],
                                          "serviceType": "string"
                                        }
                                      ]
                                    }
                                  ],
                                  "selector": [
                                    "object",
                                    {
                                      "dnsNames": [
                                        "list",
                                        "string"
                                      ],
                                      "dnsZones": [
                                        "list",
                                        "string"
                                      ],
                                      "matchLabels": [
                                        "map",
                                        "string"
                                      ]
                                    }
                                  ]
                                }
                              ]
                            ]
                          ]
                        }
                      ],
                      "ca": [
                        "object",
                        {
                          "crlDistributionPoints": [
                            "list",
                            "string"
                          ],
                          "issuingCertificateURLs": [
                            "list",
                            "string"
                          ],
                          "ocspServers": [
                            "list",
                            "string"
                          ],
                          "secretName": "string"
                        }
                      ],
                      "selfSigned": [
                        "object",
                        {
                          "crlDistributionPoints": [
                            "list",
                            "string"
                          ]
                        }
                      ],
                      "vault": [
                        "object",
                        {
                          "auth": [
                            "object",
                            {
                              "appRole": [
                                "object",
                                {
                                  "path": "string",
                                  "roleId": "string",
                                  "secretRef": [
                                    "object",
                                    {
                                      "key": "string",
                                      "name": "string"
                                    }
                                  ]
                                }
                              ],
                              "kubernetes": [
                                "object",
                                {
                                  "mountPath": "string",
                                  "role": "string",
                                  "secretRef": [
                                    "object",
                                    {
                                      "key": "string",
                                      "name": "string"
                                    }
                                  ],
                                  "serviceAccountRef": [
                                    "object",
                                    {
                                      "audiences": [
                                        "list",
                                        "string"
                                      ],
                                      "name": "string"
                                    }
                                  ]
                                }
                              ],
                              "tokenSecretRef": [
                                "object",
                                {
                                  "key": "string",
                                  "name": "string"
                                }
                              ]
                            }
                          ],
                          "caBundle": "string",
                          "caBundleSecretRef": [
                            "object",
                            {
                              "key": "string",
                              "name": "string"
                            }
                          ],
                          "clientCertSecretRef": [
                            "object",
                            {
                              "key": "string",
                              "name": "string"
                            }
                          ],
                          "clientKeySecretRef": [
                            "object",
                            {
                              "key": "string",
                              "name": "string"
                            }
                          ],
                          "namespace": "string",
                          "path": "string",
                          "server": "string"
                        }
                      ],
                      "venafi": [
                        "object",
                        {
                          "cloud": [
                            "object",
                            {
                              "apiTokenSecretRef": [
                                "object",
                                {
                                  "key": "string",
                                  "name": "string"
                                }
                              ],
                              "url": "string"
                            }
                          ],
                          "tpp": [
                            "object",
                            {
                              "caBundle": "string",
                              "credentialsRef": [
                                "object",
                                {
                                  "name": "string"
                                }
                              ],
                              "url": "string"
                            }
                          ],
                          "zone": "string"
                        }
                      ]
                    }
                  ]
                }
              ]
            },
            "timeouts": [],
            "wait": [],
            "wait_for": null
          },
          "sensitive_attributes": [],
          "dependencies": [
            "module.certmgr.kubernetes_manifest.certificate_ca",
            "module.certmgr.kubernetes_manifest.cluster_self_issuer",
            "module.certmgr.kubernetes_secret.jks",
            "module.k8s_cluster.helm_release.certmgr",
            "module.k8s_cluster.kubernetes_namespace_v1.example"
          ]
        }
      ]
    },
    {
      "module": "module.certmgr",
      "mode": "managed",
      "type": "kubernetes_secret",
      "name": "jks",
      "provider": "provider[\"registry.terraform.io/hashicorp/kubernetes\"]",
      "instances": [
        {
          "schema_version": 0,
          "attributes": {
            "binary_data": null,
            "data": {
              "password-key": "tatayoyo",
              "tls-keystore-password": "tatayoyo",
              "tls-truststore-password": "tatayoyo"
            },
            "id": "cert-manager/jks-password-secret",
            "immutable": false,
            "metadata": [
              {
                "annotations": {},
                "generate_name": "",
                "generation": 0,
                "labels": {},
                "name": "jks-password-secret",
                "namespace": "cert-manager",
                "resource_version": "18514",
                "uid": "a4b73521-a2ea-4a23-b4d1-422af47018b5"
              }
            ],
            "timeouts": null,
            "type": "Opaque",
            "wait_for_service_account_token": true
          },
          "sensitive_attributes": [
            [
              {
                "type": "get_attr",
                "value": "binary_data"
              }
            ],
            [
              {
                "type": "get_attr",
                "value": "data"
              }
            ]
          ],
          "private": "eyJlMmJmYjczMC1lY2FhLTExZTYtOGY4OC0zNDM2M2JjN2M0YzAiOnsiY3JlYXRlIjo2MDAwMDAwMDAwMH19",
          "dependencies": [
            "module.k8s_cluster.helm_release.certmgr",
            "module.k8s_cluster.kubernetes_namespace_v1.example"
          ]
        }
      ]
    },
    {
      "module": "module.k8s_cluster",
      "mode": "managed",
      "type": "helm_release",
      "name": "certmgr",
      "provider": "provider[\"registry.terraform.io/hashicorp/helm\"]",
      "instances": [
        {
          "index_key": 0,
          "schema_version": 0,
          "attributes": {
            "atomic": false,
            "chart": "./k8s-cluster/cert-manager-v1.15.0.tgz",
            "cleanup_on_fail": false,
            "create_namespace": false,
            "dependency_update": false,
            "description": null,
            "devel": null,
            "disable_crd_hooks": false,
            "disable_openapi_validation": false,
            "disable_webhooks": false,
            "force_update": false,
            "id": "certmgr",
            "keyring": null,
            "lint": false,
            "manifest": null,
            "max_history": 0,
            "metadata": [
              {
                "app_version": "v1.15.0",
                "chart": "cert-manager",
                "name": "certmgr",
                "namespace": "cert-manager",
                "revision": 1,
                "values": "{\"crds\":{\"enabled\":true}}",
                "version": "v1.15.0"
              }
            ],
            "name": "certmgr",
            "namespace": "cert-manager",
            "pass_credentials": false,
            "postrender": [],
            "recreate_pods": false,
            "render_subchart_notes": true,
            "replace": false,
            "repository": null,
            "repository_ca_file": null,
            "repository_cert_file": null,
            "repository_key_file": null,
            "repository_password": null,
            "repository_username": null,
            "reset_values": false,
            "reuse_values": false,
            "set": [
              {
                "name": "crds.enabled",
                "type": "",
                "value": "true"
              }
            ],
            "set_sensitive": [],
            "skip_crds": false,
            "status": "deployed",
            "timeout": 300,
            "values": null,
            "verify": false,
            "version": "v1.15.0",
            "wait": true,
            "wait_for_jobs": false
          },
          "sensitive_attributes": [
            [
              {
                "type": "get_attr",
                "value": "repository_password"
              }
            ]
          ],
          "private": "bnVsbA=="
        }
      ]
    },
    {
      "module": "module.k8s_cluster",
      "mode": "managed",
      "type": "kubernetes_namespace_v1",
      "name": "example",
      "provider": "provider[\"registry.terraform.io/hashicorp/kubernetes\"]",
      "instances": [
        {
          "schema_version": 0,
          "attributes": {
            "id": "cert-manager",
            "metadata": [
              {
                "annotations": {},
                "generate_name": "",
                "generation": 0,
                "labels": {},
                "name": "cert-manager",
                "resource_version": "18153",
                "uid": "b5fc9f04-9afe-4b53-ad2c-94952652d3e2"
              }
            ],
            "timeouts": null,
            "wait_for_default_service_account": false
          },
          "sensitive_attributes": [],
          "private": "eyJlMmJmYjczMC1lY2FhLTExZTYtOGY4OC0zNDM2M2JjN2M0YzAiOnsiZGVsZXRlIjozMDAwMDAwMDAwMDB9fQ=="
        }
      ]
    }
  ],
  "check_results": null
}
